
Microsoft Visual Studio Solution File, Format Version 12.00
# Visual Studio Version 17
VisualStudioVersion = 17.6.33723.286
MinimumVisualStudioVersion = 10.0.40219.1
Project("{9A19103F-16F7-4668-BE54-9A1E7A4F7556}") = "BenzAPI", "BenzAPI.csproj", "{AD1972A3-5397-4D03-BEC9-2280326D474B}"
EndProject
Global
	GlobalSection(SolutionConfigurationPlatforms) = preSolution
		Debug|Any CPU = Debug|Any CPU
		Release|Any CPU = Release|Any CPU
	EndGlobalSection
	GlobalSection(ProjectConfigurationPlatforms) = postSolution
		{AD1972A3-5397-4D03-BEC9-2280326D474B}.Debug|Any CPU.ActiveCfg = Debug|Any CPU
		{AD1972A3-5397-4D03-BEC9-2280326D474B}.Debug|Any CPU.Build.0 = Debug|Any CPU
		{AD1972A3-5397-4D03-BEC9-2280326D474B}.Release|Any CPU.ActiveCfg = Release|Any CPU
		{AD1972A3-5397-4D03-BEC9-2280326D474B}.Release|Any CPU.Build.0 = Release|Any CPU
	EndGlobalSection
	GlobalSection(SolutionProperties) = preSolution
		HideSolutionNode = FALSE
	EndGlobalSection
	GlobalSection(ExtensibilityGlobals) = postSolution
		SolutionGuid = {082B5901-2238-4D18-9E29-5A4AD95AEC01}
	EndGlobalSection
EndGlobal
